
Microsoft Visual Studio Solution File, Format Version 12.00
# Visual Studio Version 17
VisualStudioVersion = 17.2.32516.85
MinimumVisualStudioVersion = 10.0.40219.1
Project("{FAE04EC0-301F-11D3-BF4B-00C04F79EFBC}") = "BT_5_HangThucPha,", "BT_5_HangThucPha,\BT_5_HangThucPha,.csproj", "{0223C530-0D48-497E-9694-8C12FD2C8501}"
EndProject
Global
	GlobalSection(SolutionConfigurationPlatforms) = preSolution
		Debug|Any CPU = Debug|Any CPU
		Release|Any CPU = Release|Any CPU
	EndGlobalSection
	GlobalSection(ProjectConfigurationPlatforms) = postSolution
		{0223C530-0D48-497E-9694-8C12FD2C8501}.Debug|Any CPU.ActiveCfg = Debug|Any CPU
		{0223C530-0D48-497E-9694-8C12FD2C8501}.Debug|Any CPU.Build.0 = Debug|Any CPU
		{0223C530-0D48-497E-9694-8C12FD2C8501}.Release|Any CPU.ActiveCfg = Release|Any CPU
		{0223C530-0D48-497E-9694-8C12FD2C8501}.Release|Any CPU.Build.0 = Release|Any CPU
	EndGlobalSection
	GlobalSection(SolutionProperties) = preSolution
		HideSolutionNode = FALSE
	EndGlobalSection
	GlobalSection(ExtensibilityGlobals) = postSolution
		SolutionGuid = {5F678DC0-2DA1-4976-BFA7-34744B969382}
	EndGlobalSection
EndGlobal
